// !$*UTF8*$!
{
	archiveVersion = 1;
	classes = {
	};
	objectVersion = 56;
	objects = {

/* Begin PBXBuildFile section */
		2D7A83B22A15ECEC00EC4ED7 /* HealthKitTesterApp.swift in Sources */ = {isa = PBXBuildFile; fileRef = 2D7A83B12A15ECEC00EC4ED7 /* HealthKitTesterApp.swift */; };
		2D7A83B42A15ECEC00EC4ED7 /* ContentView.swift in Sources */ = {isa = PBXBuildFile; fileRef = 2D7A83B32A15ECEC00EC4ED7 /* ContentView.swift */; };
		2D7A83B62A15ECEE00EC4ED7 /* Assets.xcassets in Resources */ = {isa = PBXBuildFile; fileRef = 2D7A83B52A15ECEE00EC4ED7 /* Assets.xcassets */; };
		2D7A83B92A15ECEE00EC4ED7 /* Preview Assets.xcassets in Resources */ = {isa = PBXBuildFile; fileRef = 2D7A83B82A15ECEE00EC4ED7 /* Preview Assets.xcassets */; };
		2D7A83C32A15ED1200EC4ED7 /* HealthKitManager.swift in Sources */ = {isa = PBXBuildFile; fileRef = 2D7A83C22A15ED1200EC4ED7 /* HealthKitManager.swift */; };
		2D7A83C72A1669A500EC4ED7 /* Model.xcdatamodeld in Sources */ = {isa = PBXBuildFile; fileRef = 2D7A83C52A1669A500EC4ED7 /* Model.xcdatamodeld */; };
		2D7A83C92A1669B400EC4ED7 /* CoreDataManager.swift in Sources */ = {isa = PBXBuildFile; fileRef = 2D7A83C82A1669B400EC4ED7 /* CoreDataManager.swift */; };
		2DA51A8B2A17179600BBD0B9 /* AchievementCoreDataManager.swift in Sources */ = {isa = PBXBuildFile; fileRef = 2DA51A8A2A17179600BBD0B9 /* AchievementCoreDataManager.swift */; };
		2DA51A8D2A1722C700BBD0B9 /* UserCoreDataManager.swift in Sources */ = {isa = PBXBuildFile; fileRef = 2DA51A8C2A1722C700BBD0B9 /* UserCoreDataManager.swift */; };
		2DA51A8F2A1722D600BBD0B9 /* RankCoreDataManager.swift in Sources */ = {isa = PBXBuildFile; fileRef = 2DA51A8E2A1722D600BBD0B9 /* RankCoreDataManager.swift */; };
		2DA51A942A17241500BBD0B9 /* HelperFunctions.swift in Sources */ = {isa = PBXBuildFile; fileRef = 2DA51A932A17241500BBD0B9 /* HelperFunctions.swift */; };
		2DA51A992A17742100BBD0B9 /* ActivityView.swift in Sources */ = {isa = PBXBuildFile; fileRef = 2DA51A982A17742100BBD0B9 /* ActivityView.swift */; };
		2DA51A9B2A1787B300BBD0B9 /* ProfileView.swift in Sources */ = {isa = PBXBuildFile; fileRef = 2DA51A9A2A1787B300BBD0B9 /* ProfileView.swift */; };
		2DC1F6722A18970300F69FAC /* AchievementBadgeView.swift in Sources */ = {isa = PBXBuildFile; fileRef = 2DC1F6712A18970300F69FAC /* AchievementBadgeView.swift */; };
		2DC1F6742A189B0900F69FAC /* AchievementsView.swift in Sources */ = {isa = PBXBuildFile; fileRef = 2DC1F6732A189B0900F69FAC /* AchievementsView.swift */; };
		2DC1F6762A18E96300F69FAC /* OnboardingView.swift in Sources */ = {isa = PBXBuildFile; fileRef = 2DC1F6752A18E96300F69FAC /* OnboardingView.swift */; };
		2DC1F67A2A18EF8400F69FAC /* UserViewController.swift in Sources */ = {isa = PBXBuildFile; fileRef = 2DC1F6792A18EF8400F69FAC /* UserViewController.swift */; };
		2DC1F67C2A19065B00F69FAC /* AchievementsViewController.swift in Sources */ = {isa = PBXBuildFile; fileRef = 2DC1F67B2A19065B00F69FAC /* AchievementsViewController.swift */; };
		2DC1F6842A1938FA00F69FAC /* DailyStepCardView.swift in Sources */ = {isa = PBXBuildFile; fileRef = 2DC1F6832A1938FA00F69FAC /* DailyStepCardView.swift */; };
		2DC1F6862A19394B00F69FAC /* UserCardView.swift in Sources */ = {isa = PBXBuildFile; fileRef = 2DC1F6852A19394B00F69FAC /* UserCardView.swift */; };
		2DCD577E2A17E5B1008297E6 /* Theme.swift in Sources */ = {isa = PBXBuildFile; fileRef = 2DCD577D2A17E5B1008297E6 /* Theme.swift */; };
/* End PBXBuildFile section */

/* Begin PBXFileReference section */
		2D7A83AE2A15ECEC00EC4ED7 /* HealthKitTester.app */ = {isa = PBXFileReference; explicitFileType = wrapper.application; includeInIndex = 0; path = HealthKitTester.app; sourceTree = BUILT_PRODUCTS_DIR; };
		2D7A83B12A15ECEC00EC4ED7 /* HealthKitTesterApp.swift */ = {isa = PBXFileReference; lastKnownFileType = sourcecode.swift; path = HealthKitTesterApp.swift; sourceTree = "<group>"; };
		2D7A83B32A15ECEC00EC4ED7 /* ContentView.swift */ = {isa = PBXFileReference; lastKnownFileType = sourcecode.swift; path = ContentView.swift; sourceTree = "<group>"; };
		2D7A83B52A15ECEE00EC4ED7 /* Assets.xcassets */ = {isa = PBXFileReference; lastKnownFileType = folder.assetcatalog; path = Assets.xcassets; sourceTree = "<group>"; };
		2D7A83B82A15ECEE00EC4ED7 /* Preview Assets.xcassets */ = {isa = PBXFileReference; lastKnownFileType = folder.assetcatalog; path = "Preview Assets.xcassets"; sourceTree = "<group>"; };
		2D7A83BF2A15ECF800EC4ED7 /* HealthKitTester.entitlements */ = {isa = PBXFileReference; lastKnownFileType = text.plist.entitlements; path = HealthKitTester.entitlements; sourceTree = "<group>"; };
		2D7A83C22A15ED1200EC4ED7 /* HealthKitManager.swift */ = {isa = PBXFileReference; lastKnownFileType = sourcecode.swift; path = HealthKitManager.swift; sourceTree = "<group>"; };
		2D7A83C62A1669A500EC4ED7 /* Model.xcdatamodel */ = {isa = PBXFileReference; lastKnownFileType = wrapper.xcdatamodel; path = Model.xcdatamodel; sourceTree = "<group>"; };
		2D7A83C82A1669B400EC4ED7 /* CoreDataManager.swift */ = {isa = PBXFileReference; lastKnownFileType = sourcecode.swift; path = CoreDataManager.swift; sourceTree = "<group>"; };
		2DA51A8A2A17179600BBD0B9 /* AchievementCoreDataManager.swift */ = {isa = PBXFileReference; lastKnownFileType = sourcecode.swift; path = AchievementCoreDataManager.swift; sourceTree = "<group>"; };
		2DA51A8C2A1722C700BBD0B9 /* UserCoreDataManager.swift */ = {isa = PBXFileReference; lastKnownFileType = sourcecode.swift; path = UserCoreDataManager.swift; sourceTree = "<group>"; };
		2DA51A8E2A1722D600BBD0B9 /* RankCoreDataManager.swift */ = {isa = PBXFileReference; lastKnownFileType = sourcecode.swift; path = RankCoreDataManager.swift; sourceTree = "<group>"; };
		2DA51A932A17241500BBD0B9 /* HelperFunctions.swift */ = {isa = PBXFileReference; lastKnownFileType = sourcecode.swift; path = HelperFunctions.swift; sourceTree = "<group>"; };
		2DA51A982A17742100BBD0B9 /* ActivityView.swift */ = {isa = PBXFileReference; lastKnownFileType = sourcecode.swift; path = ActivityView.swift; sourceTree = "<group>"; };
		2DA51A9A2A1787B300BBD0B9 /* ProfileView.swift */ = {isa = PBXFileReference; lastKnownFileType = sourcecode.swift; path = ProfileView.swift; sourceTree = "<group>"; };
		2DC1F6712A18970300F69FAC /* AchievementBadgeView.swift */ = {isa = PBXFileReference; lastKnownFileType = sourcecode.swift; path = AchievementBadgeView.swift; sourceTree = "<group>"; };
		2DC1F6732A189B0900F69FAC /* AchievementsView.swift */ = {isa = PBXFileReference; lastKnownFileType = sourcecode.swift; path = AchievementsView.swift; sourceTree = "<group>"; };
		2DC1F6752A18E96300F69FAC /* OnboardingView.swift */ = {isa = PBXFileReference; lastKnownFileType = sourcecode.swift; path = OnboardingView.swift; sourceTree = "<group>"; };
		2DC1F6792A18EF8400F69FAC /* UserViewController.swift */ = {isa = PBXFileReference; lastKnownFileType = sourcecode.swift; path = UserViewController.swift; sourceTree = "<group>"; };
		2DC1F67B2A19065B00F69FAC /* AchievementsViewController.swift */ = {isa = PBXFileReference; lastKnownFileType = sourcecode.swift; path = AchievementsViewController.swift; sourceTree = "<group>"; };
		2DC1F6832A1938FA00F69FAC /* DailyStepCardView.swift */ = {isa = PBXFileReference; lastKnownFileType = sourcecode.swift; path = DailyStepCardView.swift; sourceTree = "<group>"; };
		2DC1F6852A19394B00F69FAC /* UserCardView.swift */ = {isa = PBXFileReference; lastKnownFileType = sourcecode.swift; path = UserCardView.swift; sourceTree = "<group>"; };
		2DCD577D2A17E5B1008297E6 /* Theme.swift */ = {isa = PBXFileReference; lastKnownFileType = sourcecode.swift; path = Theme.swift; sourceTree = "<group>"; };
/* End PBXFileReference section */

/* Begin PBXFrameworksBuildPhase section */
		2D7A83AB2A15ECEC00EC4ED7 /* Frameworks */ = {
			isa = PBXFrameworksBuildPhase;
			buildActionMask = 2147483647;
			files = (
			);
			runOnlyForDeploymentPostprocessing = 0;
		};
/* End PBXFrameworksBuildPhase section */

/* Begin PBXGroup section */
		2D7A83A52A15ECEC00EC4ED7 = {
			isa = PBXGroup;
			children = (
				2D7A83B02A15ECEC00EC4ED7 /* HealthKitTester */,
				2D7A83AF2A15ECEC00EC4ED7 /* Products */,
				2DC1F6802A1937EE00F69FAC /* Frameworks */,
			);
			sourceTree = "<group>";
		};
		2D7A83AF2A15ECEC00EC4ED7 /* Products */ = {
			isa = PBXGroup;
			children = (
				2D7A83AE2A15ECEC00EC4ED7 /* HealthKitTester.app */,
			);
			name = Products;
			sourceTree = "<group>";
		};
		2D7A83B02A15ECEC00EC4ED7 /* HealthKitTester */ = {
			isa = PBXGroup;
			children = (
				2D7A83B52A15ECEE00EC4ED7 /* Assets.xcassets */,
				2D7A83BF2A15ECF800EC4ED7 /* HealthKitTester.entitlements */,
				2D7A83B12A15ECEC00EC4ED7 /* HealthKitTesterApp.swift */,
				2D7A83C42A16698800EC4ED7 /* Core */,
				2D7A83C02A15ED0100EC4ED7 /* Controller */,
				2D7A83C12A15ED0600EC4ED7 /* Views */,
				2D7A83B72A15ECEE00EC4ED7 /* Preview Content */,
			);
			path = HealthKitTester;
			sourceTree = "<group>";
		};
		2D7A83B72A15ECEE00EC4ED7 /* Preview Content */ = {
			isa = PBXGroup;
			children = (
				2D7A83B82A15ECEE00EC4ED7 /* Preview Assets.xcassets */,
			);
			path = "Preview Content";
			sourceTree = "<group>";
		};
		2D7A83C02A15ED0100EC4ED7 /* Controller */ = {
			isa = PBXGroup;
			children = (
				2D7A83C22A15ED1200EC4ED7 /* HealthKitManager.swift */,
				2DC1F6792A18EF8400F69FAC /* UserViewController.swift */,
				2DC1F67B2A19065B00F69FAC /* AchievementsViewController.swift */,
			);
			path = Controller;
			sourceTree = "<group>";
		};
		2D7A83C12A15ED0600EC4ED7 /* Views */ = {
			isa = PBXGroup;
			children = (
				2DC1F6752A18E96300F69FAC /* OnboardingView.swift */,
				2D7A83B32A15ECEC00EC4ED7 /* ContentView.swift */,
				2DA51A982A17742100BBD0B9 /* ActivityView.swift */,
				2DA51A9A2A1787B300BBD0B9 /* ProfileView.swift */,
				2DCD57792A17E17D008297E6 /* Components */,
			);
			path = Views;
			sourceTree = "<group>";
		};
		2D7A83C42A16698800EC4ED7 /* Core */ = {
			isa = PBXGroup;
			children = (
				2DCD577C2A17E59D008297E6 /* Constants */,
				2DA51A912A1723F500BBD0B9 /* Utilities */,
			);
			path = Core;
			sourceTree = "<group>";
		};
		2DA51A902A1723DE00BBD0B9 /* CoreData */ = {
			isa = PBXGroup;
			children = (
				2D7A83C52A1669A500EC4ED7 /* Model.xcdatamodeld */,
				2D7A83C82A1669B400EC4ED7 /* CoreDataManager.swift */,
				2DA51A8C2A1722C700BBD0B9 /* UserCoreDataManager.swift */,
				2DA51A8E2A1722D600BBD0B9 /* RankCoreDataManager.swift */,
				2DA51A8A2A17179600BBD0B9 /* AchievementCoreDataManager.swift */,
			);
			path = CoreData;
			sourceTree = "<group>";
		};
		2DA51A912A1723F500BBD0B9 /* Utilities */ = {
			isa = PBXGroup;
			children = (
				2DA51A922A1723FE00BBD0B9 /* HelperFunctions */,
				2DA51A902A1723DE00BBD0B9 /* CoreData */,
			);
			path = Utilities;
			sourceTree = "<group>";
		};
		2DA51A922A1723FE00BBD0B9 /* HelperFunctions */ = {
			isa = PBXGroup;
			children = (
				2DA51A932A17241500BBD0B9 /* HelperFunctions.swift */,
			);
			path = HelperFunctions;
			sourceTree = "<group>";
		};
		2DC1F6802A1937EE00F69FAC /* Frameworks */ = {
			isa = PBXGroup;
			children = (
			);
			name = Frameworks;
			sourceTree = "<group>";
		};
		2DC1F6872A19397700F69FAC /* Activity */ = {
			isa = PBXGroup;
			children = (
				2DC1F6832A1938FA00F69FAC /* DailyStepCardView.swift */,
			);
			path = Activity;
			sourceTree = "<group>";
		};
		2DC1F6882A19398600F69FAC /* Profile */ = {
			isa = PBXGroup;
			children = (
				2DC1F6852A19394B00F69FAC /* UserCardView.swift */,
				2DC1F6892A19399300F69FAC /* Achievement */,
			);
			path = Profile;
			sourceTree = "<group>";
		};
		2DC1F6892A19399300F69FAC /* Achievement */ = {
			isa = PBXGroup;
			children = (
				2DC1F6712A18970300F69FAC /* AchievementBadgeView.swift */,
				2DC1F6732A189B0900F69FAC /* AchievementsView.swift */,
			);
			path = Achievement;
			sourceTree = "<group>";
		};
		2DCD57792A17E17D008297E6 /* Components */ = {
			isa = PBXGroup;
			children = (
				2DC1F6882A19398600F69FAC /* Profile */,
				2DC1F6872A19397700F69FAC /* Activity */,
			);
			path = Components;
			sourceTree = "<group>";
		};
		2DCD577C2A17E59D008297E6 /* Constants */ = {
			isa = PBXGroup;
			children = (
				2DCD577D2A17E5B1008297E6 /* Theme.swift */,
			);
			path = Constants;
			sourceTree = "<group>";
		};
/* End PBXGroup section */

/* Begin PBXNativeTarget section */
		2D7A83AD2A15ECEC00EC4ED7 /* HealthKitTester */ = {
			isa = PBXNativeTarget;
			buildConfigurationList = 2D7A83BC2A15ECEE00EC4ED7 /* Build configuration list for PBXNativeTarget "HealthKitTester" */;
			buildPhases = (
				2D7A83AA2A15ECEC00EC4ED7 /* Sources */,
				2D7A83AB2A15ECEC00EC4ED7 /* Frameworks */,
				2D7A83AC2A15ECEC00EC4ED7 /* Resources */,
			);
			buildRules = (
			);
			dependencies = (
			);
			name = HealthKitTester;
			packageProductDependencies = (
			);
			productName = HealthKitTester;
			productReference = 2D7A83AE2A15ECEC00EC4ED7 /* HealthKitTester.app */;
			productType = "com.apple.product-type.application";
		};
/* End PBXNativeTarget section */

/* Begin PBXProject section */
		2D7A83A62A15ECEC00EC4ED7 /* Project object */ = {
			isa = PBXProject;
			attributes = {
				BuildIndependentTargetsInParallel = 1;
				LastSwiftUpdateCheck = 1420;
				LastUpgradeCheck = 1420;
				TargetAttributes = {
					2D7A83AD2A15ECEC00EC4ED7 = {
						CreatedOnToolsVersion = 14.2;
					};
				};
			};
			buildConfigurationList = 2D7A83A92A15ECEC00EC4ED7 /* Build configuration list for PBXProject "HealthKitTester" */;
			compatibilityVersion = "Xcode 14.0";
			developmentRegion = en;
			hasScannedForEncodings = 0;
			knownRegions = (
				en,
				Base,
			);
			mainGroup = 2D7A83A52A15ECEC00EC4ED7;
			packageReferences = (
				2DC1F67D2A19342300F69FAC /* XCRemoteSwiftPackageReference "layer-explosion" */,
			);
			productRefGroup = 2D7A83AF2A15ECEC00EC4ED7 /* Products */;
			projectDirPath = "";
			projectRoot = "";
			targets = (
				2D7A83AD2A15ECEC00EC4ED7 /* HealthKitTester */,
			);
		};
/* End PBXProject section */

/* Begin PBXResourcesBuildPhase section */
		2D7A83AC2A15ECEC00EC4ED7 /* Resources */ = {
			isa = PBXResourcesBuildPhase;
			buildActionMask = 2147483647;
			files = (
				2D7A83B92A15ECEE00EC4ED7 /* Preview Assets.xcassets in Resources */,
				2D7A83B62A15ECEE00EC4ED7 /* Assets.xcassets in Resources */,
			);
			runOnlyForDeploymentPostprocessing = 0;
		};
/* End PBXResourcesBuildPhase section */

/* Begin PBXSourcesBuildPhase section */
		2D7A83AA2A15ECEC00EC4ED7 /* Sources */ = {
			isa = PBXSourcesBuildPhase;
			buildActionMask = 2147483647;
			files = (
				2DC1F67C2A19065B00F69FAC /* AchievementsViewController.swift in Sources */,
				2DA51A992A17742100BBD0B9 /* ActivityView.swift in Sources */,
				2DC1F67A2A18EF8400F69FAC /* UserViewController.swift in Sources */,
				2DC1F6722A18970300F69FAC /* AchievementBadgeView.swift in Sources */,
				2D7A83B42A15ECEC00EC4ED7 /* ContentView.swift in Sources */,
				2D7A83B22A15ECEC00EC4ED7 /* HealthKitTesterApp.swift in Sources */,
				2D7A83C32A15ED1200EC4ED7 /* HealthKitManager.swift in Sources */,
				2DA51A9B2A1787B300BBD0B9 /* ProfileView.swift in Sources */,
				2DA51A8B2A17179600BBD0B9 /* AchievementCoreDataManager.swift in Sources */,
				2DC1F6862A19394B00F69FAC /* UserCardView.swift in Sources */,
				2DC1F6742A189B0900F69FAC /* AchievementsView.swift in Sources */,
				2D7A83C92A1669B400EC4ED7 /* CoreDataManager.swift in Sources */,
				2DA51A8D2A1722C700BBD0B9 /* UserCoreDataManager.swift in Sources */,
				2DA51A8F2A1722D600BBD0B9 /* RankCoreDataManager.swift in Sources */,
				2D7A83C72A1669A500EC4ED7 /* Model.xcdatamodeld in Sources */,
				2DA51A942A17241500BBD0B9 /* HelperFunctions.swift in Sources */,
				2DC1F6762A18E96300F69FAC /* OnboardingView.swift in Sources */,
				2DC1F6842A1938FA00F69FAC /* DailyStepCardView.swift in Sources */,
				2DCD577E2A17E5B1008297E6 /* Theme.swift in Sources */,
			);
			runOnlyForDeploymentPostprocessing = 0;
		};
/* End PBXSourcesBuildPhase section */

/* Begin XCBuildConfiguration section */
		2D7A83BA2A15ECEE00EC4ED7 /* Debug */ = {
			isa = XCBuildConfiguration;
			buildSettings = {
				ALWAYS_SEARCH_USER_PATHS = NO;
				CLANG_ANALYZER_NONNULL = YES;
				CLANG_ANALYZER_NUMBER_OBJECT_CONVERSION = YES_AGGRESSIVE;
				CLANG_CXX_LANGUAGE_STANDARD = "gnu++20";
				CLANG_ENABLE_MODULES = YES;
				CLANG_ENABLE_OBJC_ARC = YES;
				CLANG_ENABLE_OBJC_WEAK = YES;
				CLANG_WARN_BLOCK_CAPTURE_AUTORELEASING = YES;
				CLANG_WARN_BOOL_CONVERSION = YES;
				CLANG_WARN_COMMA = YES;
				CLANG_WARN_CONSTANT_CONVERSION = YES;
				CLANG_WARN_DEPRECATED_OBJC_IMPLEMENTATIONS = YES;
				CLANG_WARN_DIRECT_OBJC_ISA_USAGE = YES_ERROR;
				CLANG_WARN_DOCUMENTATION_COMMENTS = YES;
				CLANG_WARN_EMPTY_BODY = YES;
				CLANG_WARN_ENUM_CONVERSION = YES;
				CLANG_WARN_INFINITE_RECURSION = YES;
				CLANG_WARN_INT_CONVERSION = YES;
				CLANG_WARN_NON_LITERAL_NULL_CONVERSION = YES;
				CLANG_WARN_OBJC_IMPLICIT_RETAIN_SELF = YES;
				CLANG_WARN_OBJC_LITERAL_CONVERSION = YES;
				CLANG_WARN_OBJC_ROOT_CLASS = YES_ERROR;
				CLANG_WARN_QUOTED_INCLUDE_IN_FRAMEWORK_HEADER = YES;
				CLANG_WARN_RANGE_LOOP_ANALYSIS = YES;
				CLANG_WARN_STRICT_PROTOTYPES = YES;
				CLANG_WARN_SUSPICIOUS_MOVE = YES;
				CLANG_WARN_UNGUARDED_AVAILABILITY = YES_AGGRESSIVE;
				CLANG_WARN_UNREACHABLE_CODE = YES;
				CLANG_WARN__DUPLICATE_METHOD_MATCH = YES;
				COPY_PHASE_STRIP = NO;
				DEBUG_INFORMATION_FORMAT = dwarf;
				ENABLE_STRICT_OBJC_MSGSEND = YES;
				ENABLE_TESTABILITY = YES;
				GCC_C_LANGUAGE_STANDARD = gnu11;
				GCC_DYNAMIC_NO_PIC = NO;
				GCC_NO_COMMON_BLOCKS = YES;
				GCC_OPTIMIZATION_LEVEL = 0;
				GCC_PREPROCESSOR_DEFINITIONS = (
					"DEBUG=1",
					"$(inherited)",
				);
				GCC_WARN_64_TO_32_BIT_CONVERSION = YES;
				GCC_WARN_ABOUT_RETURN_TYPE = YES_ERROR;
				GCC_WARN_UNDECLARED_SELECTOR = YES;
				GCC_WARN_UNINITIALIZED_AUTOS = YES_AGGRESSIVE;
				GCC_WARN_UNUSED_FUNCTION = YES;
				GCC_WARN_UNUSED_VARIABLE = YES;
				IPHONEOS_DEPLOYMENT_TARGET = 16.4;
				MTL_ENABLE_DEBUG_INFO = INCLUDE_SOURCE;
				MTL_FAST_MATH = YES;
				ONLY_ACTIVE_ARCH = YES;
				SDKROOT = iphoneos;
				SWIFT_ACTIVE_COMPILATION_CONDITIONS = DEBUG;
				SWIFT_OPTIMIZATION_LEVEL = "-Onone";
			};
			name = Debug;
		};
		2D7A83BB2A15ECEE00EC4ED7 /* Release */ = {
			isa = XCBuildConfiguration;
			buildSettings = {
				ALWAYS_SEARCH_USER_PATHS = NO;
				CLANG_ANALYZER_NONNULL = YES;
				CLANG_ANALYZER_NUMBER_OBJECT_CONVERSION = YES_AGGRESSIVE;
				CLANG_CXX_LANGUAGE_STANDARD = "gnu++20";
				CLANG_ENABLE_MODULES = YES;
				CLANG_ENABLE_OBJC_ARC = YES;
				CLANG_ENABLE_OBJC_WEAK = YES;
				CLANG_WARN_BLOCK_CAPTURE_AUTORELEASING = YES;
				CLANG_WARN_BOOL_CONVERSION = YES;
				CLANG_WARN_COMMA = YES;
				CLANG_WARN_CONSTANT_CONVERSION = YES;
				CLANG_WARN_DEPRECATED_OBJC_IMPLEMENTATIONS = YES;
				CLANG_WARN_DIRECT_OBJC_ISA_USAGE = YES_ERROR;
				CLANG_WARN_DOCUMENTATION_COMMENTS = YES;
				CLANG_WARN_EMPTY_BODY = YES;
				CLANG_WARN_ENUM_CONVERSION = YES;
				CLANG_WARN_INFINITE_RECURSION = YES;
				CLANG_WARN_INT_CONVERSION = YES;
				CLANG_WARN_NON_LITERAL_NULL_CONVERSION = YES;
				CLANG_WARN_OBJC_IMPLICIT_RETAIN_SELF = YES;
				CLANG_WARN_OBJC_LITERAL_CONVERSION = YES;
				CLANG_WARN_OBJC_ROOT_CLASS = YES_ERROR;
				CLANG_WARN_QUOTED_INCLUDE_IN_FRAMEWORK_HEADER = YES;
				CLANG_WARN_RANGE_LOOP_ANALYSIS = YES;
				CLANG_WARN_STRICT_PROTOTYPES = YES;
				CLANG_WARN_SUSPICIOUS_MOVE = YES;
				CLANG_WARN_UNGUARDED_AVAILABILITY = YES_AGGRESSIVE;
				CLANG_WARN_UNREACHABLE_CODE = YES;
				CLANG_WARN__DUPLICATE_METHOD_MATCH = YES;
				COPY_PHASE_STRIP = NO;
				DEBUG_INFORMATION_FORMAT = "dwarf-with-dsym";
				ENABLE_NS_ASSERTIONS = NO;
				ENABLE_STRICT_OBJC_MSGSEND = YES;
				GCC_C_LANGUAGE_STANDARD = gnu11;
				GCC_NO_COMMON_BLOCKS = YES;
				GCC_WARN_64_TO_32_BIT_CONVERSION = YES;
				GCC_WARN_ABOUT_RETURN_TYPE = YES_ERROR;
				GCC_WARN_UNDECLARED_SELECTOR = YES;
				GCC_WARN_UNINITIALIZED_AUTOS = YES_AGGRESSIVE;
				GCC_WARN_UNUSED_FUNCTION = YES;
				GCC_WARN_UNUSED_VARIABLE = YES;
				IPHONEOS_DEPLOYMENT_TARGET = 16.4;
				MTL_ENABLE_DEBUG_INFO = NO;
				MTL_FAST_MATH = YES;
				SDKROOT = iphoneos;
				SWIFT_COMPILATION_MODE = wholemodule;
				SWIFT_OPTIMIZATION_LEVEL = "-O";
				VALIDATE_PRODUCT = YES;
			};
			name = Release;
		};
		2D7A83BD2A15ECEE00EC4ED7 /* Debug */ = {
			isa = XCBuildConfiguration;
			buildSettings = {
				ASSETCATALOG_COMPILER_APPICON_NAME = AppIcon;
				ASSETCATALOG_COMPILER_GLOBAL_ACCENT_COLOR_NAME = AccentColor;
				ASSETCATALOG_COMPILER_INCLUDE_ALL_APPICON_ASSETS = NO;
				CODE_SIGN_ENTITLEMENTS = HealthKitTester/HealthKitTester.entitlements;
				CODE_SIGN_STYLE = Automatic;
				CURRENT_PROJECT_VERSION = 1;
				DEVELOPMENT_ASSET_PATHS = "\"HealthKitTester/Preview Content\"";
				DEVELOPMENT_TEAM = DVSPNNP5A3;
				ENABLE_PREVIEWS = YES;
				GENERATE_INFOPLIST_FILE = YES;
				INFOPLIST_KEY_NSHealthShareUsageDescription = "To read the health data and show it in the application.";
				INFOPLIST_KEY_NSHealthUpdateUsageDescription = "To update the health data and show it in the application.";
				INFOPLIST_KEY_UIApplicationSceneManifest_Generation = YES;
				INFOPLIST_KEY_UIApplicationSupportsIndirectInputEvents = YES;
				INFOPLIST_KEY_UILaunchScreen_Generation = YES;
				INFOPLIST_KEY_UISupportedInterfaceOrientations = UIInterfaceOrientationPortrait;
				LD_RUNPATH_SEARCH_PATHS = (
					"$(inherited)",
					"@executable_path/Frameworks",
				);
				MARKETING_VERSION = 1.0;
				PRODUCT_BUNDLE_IDENTIFIER = kevice.HealthKitTester;
				PRODUCT_NAME = "$(TARGET_NAME)";
				SWIFT_EMIT_LOC_STRINGS = YES;
				SWIFT_VERSION = 5.0;
				TARGETED_DEVICE_FAMILY = "1,2";
			};
			name = Debug;
		};
		2D7A83BE2A15ECEE00EC4ED7 /* Release */ = {
			isa = XCBuildConfiguration;
			buildSettings = {
				ASSETCATALOG_COMPILER_APPICON_NAME = AppIcon;
				ASSETCATALOG_COMPILER_GLOBAL_ACCENT_COLOR_NAME = AccentColor;
				ASSETCATALOG_COMPILER_INCLUDE_ALL_APPICON_ASSETS = NO;
				CODE_SIGN_ENTITLEMENTS = HealthKitTester/HealthKitTester.entitlements;
				CODE_SIGN_STYLE = Automatic;
				CURRENT_PROJECT_VERSION = 1;
				DEVELOPMENT_ASSET_PATHS = "\"HealthKitTester/Preview Content\"";
				DEVELOPMENT_TEAM = DVSPNNP5A3;
				ENABLE_PREVIEWS = YES;
				GENERATE_INFOPLIST_FILE = YES;
				INFOPLIST_KEY_NSHealthShareUsageDescription = "To read the health data and show it in the application.";
				INFOPLIST_KEY_NSHealthUpdateUsageDescription = "To update the health data and show it in the application.";
				INFOPLIST_KEY_UIApplicationSceneManifest_Generation = YES;
				INFOPLIST_KEY_UIApplicationSupportsIndirectInputEvents = YES;
				INFOPLIST_KEY_UILaunchScreen_Generation = YES;
				INFOPLIST_KEY_UISupportedInterfaceOrientations = UIInterfaceOrientationPortrait;
				LD_RUNPATH_SEARCH_PATHS = (
					"$(inherited)",
					"@executable_path/Frameworks",
				);
				MARKETING_VERSION = 1.0;
				PRODUCT_BUNDLE_IDENTIFIER = kevice.HealthKitTester;
				PRODUCT_NAME = "$(TARGET_NAME)";
				SWIFT_EMIT_LOC_STRINGS = YES;
				SWIFT_VERSION = 5.0;
				TARGETED_DEVICE_FAMILY = "1,2";
			};
			name = Release;
		};
/* End XCBuildConfiguration section */

/* Begin XCConfigurationList section */
		2D7A83A92A15ECEC00EC4ED7 /* Build configuration list for PBXProject "HealthKitTester" */ = {
			isa = XCConfigurationList;
			buildConfigurations = (
				2D7A83BA2A15ECEE00EC4ED7 /* Debug */,
				2D7A83BB2A15ECEE00EC4ED7 /* Release */,
			);
			defaultConfigurationIsVisible = 0;
			defaultConfigurationName = Release;
		};
		2D7A83BC2A15ECEE00EC4ED7 /* Build configuration list for PBXNativeTarget "HealthKitTester" */ = {
			isa = XCConfigurationList;
			buildConfigurations = (
				2D7A83BD2A15ECEE00EC4ED7 /* Debug */,
				2D7A83BE2A15ECEE00EC4ED7 /* Release */,
			);
			defaultConfigurationIsVisible = 0;
			defaultConfigurationName = Release;
		};
/* End XCConfigurationList section */

/* Begin XCRemoteSwiftPackageReference section */
		2DC1F67D2A19342300F69FAC /* XCRemoteSwiftPackageReference "layer-explosion" */ = {
			isa = XCRemoteSwiftPackageReference;
			repositoryURL = "https://github.com/louis1001/layer-explosion";
			requirement = {
				branch = main;
				kind = branch;
			};
		};
/* End XCRemoteSwiftPackageReference section */

/* Begin XCVersionGroup section */
		2D7A83C52A1669A500EC4ED7 /* Model.xcdatamodeld */ = {
			isa = XCVersionGroup;
			children = (
				2D7A83C62A1669A500EC4ED7 /* Model.xcdatamodel */,
			);
			currentVersion = 2D7A83C62A1669A500EC4ED7 /* Model.xcdatamodel */;
			path = Model.xcdatamodeld;
			sourceTree = "<group>";
			versionGroupType = wrapper.xcdatamodel;
		};
/* End XCVersionGroup section */
	};
	rootObject = 2D7A83A62A15ECEC00EC4ED7 /* Project object */;
}
